<?xml version="1.0" encoding="UTF-8"?>
<Scheme
   LastUpgradeVersion = "0830"
   version = "1.3">
   <BuildAction
      parallelizeBuildables = "YES"
      buildImplicitDependencies = "YES">
      <BuildActionEntries>
         <BuildActionEntry
            buildForTesting = "YES"
            buildForRunning = "YES"
            buildForProfiling = "YES"
            buildForArchiving = "YES"
            buildForAnalyzing = "YES">
            <BuildableReference
               BuildableIdentifier = "primary"
               BlueprintIdentifier = "27609BCB1CB257810041E8B7"
               BuildableName = "&#x667a;&#x6167;&#x65c5;&#x6e38;&#x5e73;&#x53f0;.app"
               BlueprintName = "ProjectFramework_Tourism"
               ReferencedContainer = "container:ProjectFramework_Tourism.xcodeproj">
            </BuildableReference>
         </BuildActionEntry>
      </BuildActionEntries>
   </BuildAction>
   <TestAction
      buildConfiguration = "Debug"
      selectedDebuggerIdentifier = "Xcode.DebuggerFoundation.Debugger.LLDB"
      selectedLauncherIdentifier = "Xcode.DebuggerFoundation.Launcher.LLDB"
      shouldUseLaunchSchemeArgsEnv = "YES">
      <Testables>
         <TestableReference
            skipped = "NO">
            <BuildableReference
               BuildableIdentifier = "primary"
               BlueprintIdentifier = "27609BDF1CB257810041E8B7"
               BuildableName = "ProjectFramework_TourismTests.xctest"
               BlueprintName = "ProjectFramework_TourismTests"
               ReferencedContainer = "container:ProjectFramework_Tourism.xcodeproj">
            </BuildableReference>
         </TestableReference>
         <TestableReference
            skipped = "NO">
            <BuildableReference
               BuildableIdentifier = "primary"
               BlueprintIdentifier = "27609BEA1CB257810041E8B7"
               BuildableName = "ProjectFramework_TourismUITests.xctest"
               BlueprintName = "ProjectFramework_TourismUITests"
               ReferencedContainer = "container:ProjectFramework_Tourism.xcodeproj">
            </BuildableReference>
         </TestableReference>
      </Testables>
      <MacroExpansion>
         <BuildableReference
            BuildableIdentifier = "primary"
            BlueprintIdentifier = "27609BCB1CB257810041E8B7"
            BuildableName = "&#x667a;&#x6167;&#x65c5;&#x6e38;&#x5e73;&#x53f0;.app"
            BlueprintName = "ProjectFramework_Tourism"
            ReferencedContainer = "container:ProjectFramework_Tourism.xcodeproj">
         </BuildableReference>
      </MacroExpansion>
      <AdditionalOptions>
      </AdditionalOptions>
   </TestAction>
   <LaunchAction
      buildConfiguration = "Release"
      selectedDebuggerIdentifier = "Xcode.DebuggerFoundation.Debugger.LLDB"
      selectedLauncherIdentifier = "Xcode.DebuggerFoundation.Launcher.LLDB"
      launchStyle = "0"
      useCustomWorkingDirectory = "NO"
      ignoresPersistentStateOnLaunch = "NO"
      debugDocumentVersioning = "YES"
      debugServiceExtension = "internal"
      allowLocationSimulation = "YES">
      <BuildableProductRunnable
         runnableDebuggingMode = "0">
         <BuildableReference
            BuildableIdentifier = "primary"
            BlueprintIdentifier = "27609BCB1CB257810041E8B7"
            BuildableName = "&#x667a;&#x6167;&#x65c5;&#x6e38;&#x5e73;&#x53f0;.app"
            BlueprintName = "ProjectFramework_Tourism"
            ReferencedContainer = "container:ProjectFramework_Tourism.xcodeproj">
         </BuildableReference>
      </BuildableProductRunnable>
      <AdditionalOptions>
      </AdditionalOptions>
   </LaunchAction>
   <ProfileAction
      buildConfiguration = "Release"
      shouldUseLaunchSchemeArgsEnv = "YES"
      savedToolIdentifier = ""
      useCustomWorkingDirectory = "NO"
      debugDocumentVersioning = "YES">
      <BuildableProductRunnable
         runnableDebuggingMode = "0">
         <BuildableReference
            BuildableIdentifier = "primary"
            BlueprintIdentifier = "27609BCB1CB257810041E8B7"
            BuildableName = "&#x667a;&#x6167;&#x65c5;&#x6e38;&#x5e73;&#x53f0;.app"
            BlueprintName = "ProjectFramework_Tourism"
            ReferencedContainer = "container:ProjectFramework_Tourism.xcodeproj">
         </BuildableReference>
      </BuildableProductRunnable>
   </ProfileAction>
   <AnalyzeAction
      buildConfiguration = "Release">
   </AnalyzeAction>
   <ArchiveAction
      buildConfiguration = "Release"
      revealArchiveInOrganizer = "YES">
   </ArchiveAction>
</Scheme>
